
Microsoft Visual Studio Solution File, Format Version 12.00
# Visual Studio 15
VisualStudioVersion = 15.0.26730.16
MinimumVisualStudioVersion = 10.0.40219.1
Project("{FAE04EC0-301F-11D3-BF4B-00C04F79EFBC}") = "AdventOfCode17.Day1", "AdventOfCode17.Day1\AdventOfCode17.Day1.csproj", "{789A4423-4D12-4C1E-B0B4-22F3AE276AAD}"
EndProject
Project("{FAE04EC0-301F-11D3-BF4B-00C04F79EFBC}") = "AdventOfCode17.Host", "AdventOfCode17.Host\AdventOfCode17.Host.csproj", "{E22B63D2-3A70-4D03-A8DC-43D63DEB2AA0}"
EndProject
Project("{FAE04EC0-301F-11D3-BF4B-00C04F79EFBC}") = "AdventOfCode17.Day1.Tests", "AdventOfCode17.Day1.Tests\AdventOfCode17.Day1.Tests.csproj", "{C4544B4B-5CDB-45A2-A61B-A545979B290E}"
EndProject
Global
	GlobalSection(SolutionConfigurationPlatforms) = preSolution
		Debug|Any CPU = Debug|Any CPU
		Release|Any CPU = Release|Any CPU
	EndGlobalSection
	GlobalSection(ProjectConfigurationPlatforms) = postSolution
		{789A4423-4D12-4C1E-B0B4-22F3AE276AAD}.Debug|Any CPU.ActiveCfg = Debug|Any CPU
		{789A4423-4D12-4C1E-B0B4-22F3AE276AAD}.Debug|Any CPU.Build.0 = Debug|Any CPU
		{789A4423-4D12-4C1E-B0B4-22F3AE276AAD}.Release|Any CPU.ActiveCfg = Release|Any CPU
		{789A4423-4D12-4C1E-B0B4-22F3AE276AAD}.Release|Any CPU.Build.0 = Release|Any CPU
		{E22B63D2-3A70-4D03-A8DC-43D63DEB2AA0}.Debug|Any CPU.ActiveCfg = Debug|Any CPU
		{E22B63D2-3A70-4D03-A8DC-43D63DEB2AA0}.Debug|Any CPU.Build.0 = Debug|Any CPU
		{E22B63D2-3A70-4D03-A8DC-43D63DEB2AA0}.Release|Any CPU.ActiveCfg = Release|Any CPU
		{E22B63D2-3A70-4D03-A8DC-43D63DEB2AA0}.Release|Any CPU.Build.0 = Release|Any CPU
		{C4544B4B-5CDB-45A2-A61B-A545979B290E}.Debug|Any CPU.ActiveCfg = Debug|Any CPU
		{C4544B4B-5CDB-45A2-A61B-A545979B290E}.Debug|Any CPU.Build.0 = Debug|Any CPU
		{C4544B4B-5CDB-45A2-A61B-A545979B290E}.Release|Any CPU.ActiveCfg = Release|Any CPU
		{C4544B4B-5CDB-45A2-A61B-A545979B290E}.Release|Any CPU.Build.0 = Release|Any CPU
	EndGlobalSection
	GlobalSection(SolutionProperties) = preSolution
		HideSolutionNode = FALSE
	EndGlobalSection
	GlobalSection(ExtensibilityGlobals) = postSolution
		SolutionGuid = {D061EBC8-2B88-4A6D-BC50-4A799AE55ABF}
	EndGlobalSection
EndGlobal
