
Microsoft Visual Studio Solution File, Format Version 12.00
# Visual Studio 15
VisualStudioVersion = 15.0.26730.16
MinimumVisualStudioVersion = 10.0.40219.1
Project("{FAE04EC0-301F-11D3-BF4B-00C04F79EFBC}") = "AdventOfCode17.Day2", "AdventOfCode17.Day2\AdventOfCode17.Day2.csproj", "{F2D852D6-DB20-4CC0-A34C-61B2FB316A7A}"
EndProject
Project("{FAE04EC0-301F-11D3-BF4B-00C04F79EFBC}") = "AdventOfCode17.Day2.Host", "AdventOfCode17.Day2.Host\AdventOfCode17.Day2.Host.csproj", "{85D51661-8895-47E7-BE15-7CB8E9D213B4}"
EndProject
Project("{FAE04EC0-301F-11D3-BF4B-00C04F79EFBC}") = "AdventOfCode17.Day2.Tests", "AdventOfCode17.Day2.Tests\AdventOfCode17.Day2.Tests.csproj", "{69B0C6D2-01DB-4F28-AC84-D3540E2A524D}"
EndProject
Global
	GlobalSection(SolutionConfigurationPlatforms) = preSolution
		Debug|Any CPU = Debug|Any CPU
		Release|Any CPU = Release|Any CPU
	EndGlobalSection
	GlobalSection(ProjectConfigurationPlatforms) = postSolution
		{F2D852D6-DB20-4CC0-A34C-61B2FB316A7A}.Debug|Any CPU.ActiveCfg = Debug|Any CPU
		{F2D852D6-DB20-4CC0-A34C-61B2FB316A7A}.Debug|Any CPU.Build.0 = Debug|Any CPU
		{F2D852D6-DB20-4CC0-A34C-61B2FB316A7A}.Release|Any CPU.ActiveCfg = Release|Any CPU
		{F2D852D6-DB20-4CC0-A34C-61B2FB316A7A}.Release|Any CPU.Build.0 = Release|Any CPU
		{85D51661-8895-47E7-BE15-7CB8E9D213B4}.Debug|Any CPU.ActiveCfg = Debug|Any CPU
		{85D51661-8895-47E7-BE15-7CB8E9D213B4}.Debug|Any CPU.Build.0 = Debug|Any CPU
		{85D51661-8895-47E7-BE15-7CB8E9D213B4}.Release|Any CPU.ActiveCfg = Release|Any CPU
		{85D51661-8895-47E7-BE15-7CB8E9D213B4}.Release|Any CPU.Build.0 = Release|Any CPU
		{69B0C6D2-01DB-4F28-AC84-D3540E2A524D}.Debug|Any CPU.ActiveCfg = Debug|Any CPU
		{69B0C6D2-01DB-4F28-AC84-D3540E2A524D}.Debug|Any CPU.Build.0 = Debug|Any CPU
		{69B0C6D2-01DB-4F28-AC84-D3540E2A524D}.Release|Any CPU.ActiveCfg = Release|Any CPU
		{69B0C6D2-01DB-4F28-AC84-D3540E2A524D}.Release|Any CPU.Build.0 = Release|Any CPU
	EndGlobalSection
	GlobalSection(SolutionProperties) = preSolution
		HideSolutionNode = FALSE
	EndGlobalSection
	GlobalSection(ExtensibilityGlobals) = postSolution
		SolutionGuid = {DCB879D5-2241-42E7-B1E7-3FD945FC47A7}
	EndGlobalSection
EndGlobal
